// !$*UTF8*$!
{
	archiveVersion = 1;
	classes = {
	};
	objectVersion = 77;
	objects = {

/* Begin PBXBuildFile section */
		CBE02E9C303E1D5000926383 /* WidgetKit.framework in Frameworks */ = {isa = PBXBuildFile; fileRef = CBE02E9B303E1D5000926383 /* WidgetKit.framework */; };
		CBE02E9E303E1D5000926383 /* SwiftUI.framework in Frameworks */ = {isa = PBXBuildFile; fileRef = CBE02E9D303E1D5000926383 /* SwiftUI.framework */; };
		CBE02EAD303E1D5100926383 /* SpotPriceWidgetFinlandExtension.appex in Embed Foundation Extensions */ = {isa = PBXBuildFile; fileRef = CBE02E99303E1D5000926383 /* SpotPriceWidgetFinlandExtension.appex */; settings = {ATTRIBUTES = (RemoveHeadersOnCopy, ); }; };
		CBE02ED1303E400000926383 /* SpotPriceWidgetUninstaller.xpc in Embed XPC Services */ = {isa = PBXBuildFile; fileRef = CBE02ED4303E400000926383 /* SpotPriceWidgetUninstaller.xpc */; platformFilters = (macos, ); settings = {ATTRIBUTES = (RemoveHeadersOnCopy, ); }; };
/* End PBXBuildFile section */

/* Begin PBXContainerItemProxy section */
		CBE02EAB303E1D5100926383 /* PBXContainerItemProxy */ = {
			isa = PBXContainerItemProxy;
			containerPortal = CBE02E7F303E1CFF00926383 /* Project object */;
			proxyType = 1;
			remoteGlobalIDString = CBE02E98303E1D5000926383;
			remoteInfo = SpotPriceWidgetFinlandExtension;
		};
		CBE02ED2303E400000926383 /* PBXContainerItemProxy */ = {
			isa = PBXContainerItemProxy;
			containerPortal = CBE02E7F303E1CFF00926383 /* Project object */;
			proxyType = 1;
			remoteGlobalIDString = CBE02EDA303E400000926383;
			remoteInfo = SpotPriceWidgetUninstaller;
		};
/* End PBXContainerItemProxy section */

/* Begin PBXCopyFilesBuildPhase section */
		CBE02EB2303E1D5100926383 /* Embed Foundation Extensions */ = {
			isa = PBXCopyFilesBuildPhase;
			buildActionMask = 2147483647;
			dstPath = "";
			dstSubfolderSpec = 13;
			files = (
				CBE02EAD303E1D5100926383 /* SpotPriceWidgetFinlandExtension.appex in Embed Foundation Extensions */,
			);
			name = "Embed Foundation Extensions";
			runOnlyForDeploymentPostprocessing = 0;
		};
		CBE02ED3303E400000926383 /* Embed XPC Services */ = {
			isa = PBXCopyFilesBuildPhase;
			buildActionMask = 2147483647;
			dstPath = "$(CONTENTS_FOLDER_PATH)/XPCServices";
			dstSubfolderSpec = 16;
			files = (
				CBE02ED1303E400000926383 /* SpotPriceWidgetUninstaller.xpc in Embed XPC Services */,
			);
			name = "Embed XPC Services";
			runOnlyForDeploymentPostprocessing = 0;
		};
/* End PBXCopyFilesBuildPhase section */

/* Begin PBXFileReference section */
		CBE02E87303E1D0000926383 /* SpotPriceWidget.app */ = {isa = PBXFileReference; explicitFileType = wrapper.application; includeInIndex = 0; path = SpotPriceWidget.app; sourceTree = BUILT_PRODUCTS_DIR; };
		CBE02E99303E1D5000926383 /* SpotPriceWidgetFinlandExtension.appex */ = {isa = PBXFileReference; explicitFileType = "wrapper.app-extension"; includeInIndex = 0; path = SpotPriceWidgetFinlandExtension.appex; sourceTree = BUILT_PRODUCTS_DIR; };
		CBE02E9B303E1D5000926383 /* WidgetKit.framework */ = {isa = PBXFileReference; lastKnownFileType = wrapper.framework; name = WidgetKit.framework; path = System/Library/Frameworks/WidgetKit.framework; sourceTree = SDKROOT; };
		CBE02E9D303E1D5000926383 /* SwiftUI.framework */ = {isa = PBXFileReference; lastKnownFileType = wrapper.framework; name = SwiftUI.framework; path = System/Library/Frameworks/SwiftUI.framework; sourceTree = SDKROOT; };
		CBE02ED4303E400000926383 /* SpotPriceWidgetUninstaller.xpc */ = {isa = PBXFileReference; explicitFileType = "wrapper.xpc-service"; includeInIndex = 0; path = SpotPriceWidgetUninstaller.xpc; sourceTree = BUILT_PRODUCTS_DIR; };
/* End PBXFileReference section */

/* Begin PBXFileSystemSynchronizedBuildFileExceptionSet section */
		CBE02EAE303E1D5100926383 /* Exceptions for "SpotPriceWidgetFinland" folder in "SpotPriceWidgetFinlandExtension" target */ = {
			isa = PBXFileSystemSynchronizedBuildFileExceptionSet;
			membershipExceptions = (
				Info.plist,
			);
			target = CBE02E98303E1D5000926383 /* SpotPriceWidgetFinlandExtension */;
		};
		CBE02ED5303E400000926383 /* Exceptions for "SpotPriceWidgetUninstaller" folder in "SpotPriceWidgetUninstaller" target */ = {
			isa = PBXFileSystemSynchronizedBuildFileExceptionSet;
			membershipExceptions = (
				Info.plist,
			);
			target = CBE02EDA303E400000926383 /* SpotPriceWidgetUninstaller */;
		};
/* End PBXFileSystemSynchronizedBuildFileExceptionSet section */

/* Begin PBXFileSystemSynchronizedRootGroup section */
		CBE02E89303E1D0000926383 /* SpotPriceWidget */ = {
			isa = PBXFileSystemSynchronizedRootGroup;
			path = SpotPriceWidget;
			sourceTree = "<group>";
		};
		CBE02E9F303E1D5000926383 /* SpotPriceWidgetFinland */ = {
			isa = PBXFileSystemSynchronizedRootGroup;
			exceptions = (
				CBE02EAE303E1D5100926383 /* Exceptions for "SpotPriceWidgetFinland" folder in "SpotPriceWidgetFinlandExtension" target */,
			);
			path = SpotPriceWidgetFinland;
			sourceTree = "<group>";
		};
		CBE02EC0303E300000926383 /* Shared */ = {
			isa = PBXFileSystemSynchronizedRootGroup;
			path = Shared;
			sourceTree = "<group>";
		};
		CBE02ED6303E400000926383 /* SpotPriceWidgetUninstaller */ = {
			isa = PBXFileSystemSynchronizedRootGroup;
			exceptions = (
				CBE02ED5303E400000926383 /* Exceptions for "SpotPriceWidgetUninstaller" folder in "SpotPriceWidgetUninstaller" target */,
			);
			path = SpotPriceWidgetUninstaller;
			sourceTree = "<group>";
		};
/* End PBXFileSystemSynchronizedRootGroup section */

/* Begin PBXFrameworksBuildPhase section */
		CBE02E84303E1D0000926383 /* Frameworks */ = {
			isa = PBXFrameworksBuildPhase;
			buildActionMask = 2147483647;
			files = (
			);
			runOnlyForDeploymentPostprocessing = 0;
		};
		CBE02E96303E1D5000926383 /* Frameworks */ = {
			isa = PBXFrameworksBuildPhase;
			buildActionMask = 2147483647;
			files = (
				CBE02E9E303E1D5000926383 /* SwiftUI.framework in Frameworks */,
				CBE02E9C303E1D5000926383 /* WidgetKit.framework in Frameworks */,
			);
			runOnlyForDeploymentPostprocessing = 0;
		};
		CBE02ED7303E400000926383 /* Frameworks */ = {
			isa = PBXFrameworksBuildPhase;
			buildActionMask = 2147483647;
			files = (
			);
			runOnlyForDeploymentPostprocessing = 0;
		};
/* End PBXFrameworksBuildPhase section */

/* Begin PBXGroup section */
		CBE02E7E303E1CFF00926383 = {
			isa = PBXGroup;
			children = (
				CBE02E89303E1D0000926383 /* SpotPriceWidget */,
				CBE02EC0303E300000926383 /* Shared */,
				CBE02E9F303E1D5000926383 /* SpotPriceWidgetFinland */,
				CBE02ED6303E400000926383 /* SpotPriceWidgetUninstaller */,
				CBE02E9A303E1D5000926383 /* Frameworks */,
				CBE02E88303E1D0000926383 /* Products */,
			);
			sourceTree = "<group>";
		};
		CBE02E88303E1D0000926383 /* Products */ = {
			isa = PBXGroup;
			children = (
				CBE02E87303E1D0000926383 /* SpotPriceWidget.app */,
				CBE02E99303E1D5000926383 /* SpotPriceWidgetFinlandExtension.appex */,
				CBE02ED4303E400000926383 /* SpotPriceWidgetUninstaller.xpc */,
			);
			name = Products;
			sourceTree = "<group>";
		};
		CBE02E9A303E1D5000926383 /* Frameworks */ = {
			isa = PBXGroup;
			children = (
				CBE02E9B303E1D5000926383 /* WidgetKit.framework */,
				CBE02E9D303E1D5000926383 /* SwiftUI.framework */,
			);
			name = Frameworks;
			sourceTree = "<group>";
		};
/* End PBXGroup section */

/* Begin PBXNativeTarget section */
		CBE02E86303E1D0000926383 /* SpotPriceWidget */ = {
			isa = PBXNativeTarget;
			buildConfigurationList = CBE02E92303E1D0100926383 /* Build configuration list for PBXNativeTarget "SpotPriceWidget" */;
			buildPhases = (
				CBE02E83303E1D0000926383 /* Sources */,
				CBE02E84303E1D0000926383 /* Frameworks */,
				CBE02E85303E1D0000926383 /* Resources */,
				CBE02EB2303E1D5100926383 /* Embed Foundation Extensions */,
				CBE02ED3303E400000926383 /* Embed XPC Services */,
			);
			buildRules = (
			);
			dependencies = (
				CBE02EAC303E1D5100926383 /* PBXTargetDependency */,
				CBE02EDB303E400000926383 /* PBXTargetDependency */,
			);
			fileSystemSynchronizedGroups = (
				CBE02E89303E1D0000926383 /* SpotPriceWidget */,
				CBE02EC0303E300000926383 /* Shared */,
			);
			name = SpotPriceWidget;
			packageProductDependencies = (
			);
			productName = SpotPriceWidget;
			productReference = CBE02E87303E1D0000926383 /* SpotPriceWidget.app */;
			productType = "com.apple.product-type.application";
		};
		CBE02E98303E1D5000926383 /* SpotPriceWidgetFinlandExtension */ = {
			isa = PBXNativeTarget;
			buildConfigurationList = CBE02EAF303E1D5100926383 /* Build configuration list for PBXNativeTarget "SpotPriceWidgetFinlandExtension" */;
			buildPhases = (
				CBE02E95303E1D5000926383 /* Sources */,
				CBE02E96303E1D5000926383 /* Frameworks */,
				CBE02E97303E1D5000926383 /* Resources */,
			);
			buildRules = (
			);
			dependencies = (
			);
			fileSystemSynchronizedGroups = (
				CBE02E9F303E1D5000926383 /* SpotPriceWidgetFinland */,
				CBE02EC0303E300000926383 /* Shared */,
			);
			name = SpotPriceWidgetFinlandExtension;
			packageProductDependencies = (
			);
			productName = SpotPriceWidgetFinlandExtension;
			productReference = CBE02E99303E1D5000926383 /* SpotPriceWidgetFinlandExtension.appex */;
			productType = "com.apple.product-type.app-extension";
		};
		CBE02EDA303E400000926383 /* SpotPriceWidgetUninstaller */ = {
			isa = PBXNativeTarget;
			buildConfigurationList = CBE02EDE303E400000926383 /* Build configuration list for PBXNativeTarget "SpotPriceWidgetUninstaller" */;
			buildPhases = (
				CBE02ED8303E400000926383 /* Sources */,
				CBE02ED7303E400000926383 /* Frameworks */,
				CBE02ED9303E400000926383 /* Resources */,
			);
			buildRules = (
			);
			dependencies = (
			);
			fileSystemSynchronizedGroups = (
				CBE02ED6303E400000926383 /* SpotPriceWidgetUninstaller */,
			);
			name = SpotPriceWidgetUninstaller;
			packageProductDependencies = (
			);
			productName = SpotPriceWidgetUninstaller;
			productReference = CBE02ED4303E400000926383 /* SpotPriceWidgetUninstaller.xpc */;
			productType = "com.apple.product-type.xpc-service";
		};
/* End PBXNativeTarget section */

/* Begin PBXProject section */
		CBE02E7F303E1CFF00926383 /* Project object */ = {
			isa = PBXProject;
			attributes = {
				BuildIndependentTargetsInParallel = 1;
				LastSwiftUpdateCheck = 2660;
				LastUpgradeCheck = 2660;
				TargetAttributes = {
					CBE02E86303E1D0000926383 = {
						CreatedOnToolsVersion = 26.6;
					};
					CBE02E98303E1D5000926383 = {
						CreatedOnToolsVersion = 26.6;
					};
					CBE02EDA303E400000926383 = {
						CreatedOnToolsVersion = 26.6;
					};
				};
			};
			buildConfigurationList = CBE02E82303E1CFF00926383 /* Build configuration list for PBXProject "SpotPriceWidget" */;
			developmentRegion = en;
			hasScannedForEncodings = 0;
			knownRegions = (
				en,
				Base,
			);
			mainGroup = CBE02E7E303E1CFF00926383;
			minimizedProjectReferenceProxies = 1;
			preferredProjectObjectVersion = 77;
			productRefGroup = CBE02E88303E1D0000926383 /* Products */;
			projectDirPath = "";
			projectRoot = "";
			targets = (
				CBE02E86303E1D0000926383 /* SpotPriceWidget */,
				CBE02E98303E1D5000926383 /* SpotPriceWidgetFinlandExtension */,
				CBE02EDA303E400000926383 /* SpotPriceWidgetUninstaller */,
			);
		};
/* End PBXProject section */

/* Begin PBXResourcesBuildPhase section */
		CBE02E85303E1D0000926383 /* Resources */ = {
			isa = PBXResourcesBuildPhase;
			buildActionMask = 2147483647;
			files = (
			);
			runOnlyForDeploymentPostprocessing = 0;
		};
		CBE02E97303E1D5000926383 /* Resources */ = {
			isa = PBXResourcesBuildPhase;
			buildActionMask = 2147483647;
			files = (
			);
			runOnlyForDeploymentPostprocessing = 0;
		};
		CBE02ED9303E400000926383 /* Resources */ = {
			isa = PBXResourcesBuildPhase;
			buildActionMask = 2147483647;
			files = (
			);
			runOnlyForDeploymentPostprocessing = 0;
		};
/* End PBXResourcesBuildPhase section */

/* Begin PBXSourcesBuildPhase section */
		CBE02E83303E1D0000926383 /* Sources */ = {
			isa = PBXSourcesBuildPhase;
			buildActionMask = 2147483647;
			files = (
			);
			runOnlyForDeploymentPostprocessing = 0;
		};
		CBE02E95303E1D5000926383 /* Sources */ = {
			isa = PBXSourcesBuildPhase;
			buildActionMask = 2147483647;
			files = (
			);
			runOnlyForDeploymentPostprocessing = 0;
		};
		CBE02ED8303E400000926383 /* Sources */ = {
			isa = PBXSourcesBuildPhase;
			buildActionMask = 2147483647;
			files = (
			);
			runOnlyForDeploymentPostprocessing = 0;
		};
/* End PBXSourcesBuildPhase section */

/* Begin PBXTargetDependency section */
		CBE02EAC303E1D5100926383 /* PBXTargetDependency */ = {
			isa = PBXTargetDependency;
			target = CBE02E98303E1D5000926383 /* SpotPriceWidgetFinlandExtension */;
			targetProxy = CBE02EAB303E1D5100926383 /* PBXContainerItemProxy */;
		};
		CBE02EDB303E400000926383 /* PBXTargetDependency */ = {
			isa = PBXTargetDependency;
			platformFilters = (
				macos,
			);
			target = CBE02EDA303E400000926383 /* SpotPriceWidgetUninstaller */;
			targetProxy = CBE02ED2303E400000926383 /* PBXContainerItemProxy */;
		};
/* End PBXTargetDependency section */

/* Begin XCBuildConfiguration section */
		CBE02E90303E1D0100926383 /* Debug */ = {
			isa = XCBuildConfiguration;
			buildSettings = {
				ALWAYS_SEARCH_USER_PATHS = NO;
				ASSETCATALOG_COMPILER_GENERATE_SWIFT_ASSET_SYMBOL_EXTENSIONS = YES;
				CLANG_ANALYZER_NONNULL = YES;
				CLANG_ANALYZER_NUMBER_OBJECT_CONVERSION = YES_AGGRESSIVE;
				CLANG_CXX_LANGUAGE_STANDARD = "gnu++20";
				CLANG_ENABLE_MODULES = YES;
				CLANG_ENABLE_OBJC_ARC = YES;
				CLANG_ENABLE_OBJC_WEAK = YES;
				CLANG_WARN_BLOCK_CAPTURE_AUTORELEASING = YES;
				CLANG_WARN_BOOL_CONVERSION = YES;
				CLANG_WARN_COMMA = YES;
				CLANG_WARN_CONSTANT_CONVERSION = YES;
				CLANG_WARN_DEPRECATED_OBJC_IMPLEMENTATIONS = YES;
				CLANG_WARN_DIRECT_OBJC_ISA_USAGE = YES_ERROR;
				CLANG_WARN_DOCUMENTATION_COMMENTS = YES;
				CLANG_WARN_EMPTY_BODY = YES;
				CLANG_WARN_ENUM_CONVERSION = YES;
				CLANG_WARN_INFINITE_RECURSION = YES;
				CLANG_WARN_INT_CONVERSION = YES;
				CLANG_WARN_NON_LITERAL_NULL_CONVERSION = YES;
				CLANG_WARN_OBJC_IMPLICIT_RETAIN_SELF = YES;
				CLANG_WARN_OBJC_LITERAL_CONVERSION = YES;
				CLANG_WARN_OBJC_ROOT_CLASS = YES_ERROR;
				CLANG_WARN_QUOTED_INCLUDE_IN_FRAMEWORK_HEADER = YES;
				CLANG_WARN_RANGE_LOOP_ANALYSIS = YES;
				CLANG_WARN_STRICT_PROTOTYPES = YES;
				CLANG_WARN_SUSPICIOUS_MOVE = YES;
				CLANG_WARN_UNGUARDED_AVAILABILITY = YES_AGGRESSIVE;
				CLANG_WARN_UNREACHABLE_CODE = YES;
				CLANG_WARN__DUPLICATE_METHOD_MATCH = YES;
				COPY_PHASE_STRIP = NO;
				DEBUG_INFORMATION_FORMAT = dwarf;
				DEVELOPMENT_TEAM = NWP7L2BJP5;
				ENABLE_STRICT_OBJC_MSGSEND = YES;
				ENABLE_TESTABILITY = YES;
				ENABLE_USER_SCRIPT_SANDBOXING = YES;
				GCC_C_LANGUAGE_STANDARD = gnu17;
				GCC_DYNAMIC_NO_PIC = NO;
				GCC_NO_COMMON_BLOCKS = YES;
				GCC_OPTIMIZATION_LEVEL = 0;
				GCC_PREPROCESSOR_DEFINITIONS = (
					"DEBUG=1",
					"$(inherited)",
				);
				GCC_WARN_64_TO_32_BIT_CONVERSION = YES;
				GCC_WARN_ABOUT_RETURN_TYPE = YES_ERROR;
				GCC_WARN_UNDECLARED_SELECTOR = YES;
				GCC_WARN_UNINITIALIZED_AUTOS = YES_AGGRESSIVE;
				GCC_WARN_UNUSED_FUNCTION = YES;
				GCC_WARN_UNUSED_VARIABLE = YES;
				LOCALIZATION_PREFERS_STRING_CATALOGS = YES;
				MACOSX_DEPLOYMENT_TARGET = 26.5;
				MTL_ENABLE_DEBUG_INFO = INCLUDE_SOURCE;
				MTL_FAST_MATH = YES;
				ONLY_ACTIVE_ARCH = YES;
				SDKROOT = auto;
				SWIFT_ACTIVE_COMPILATION_CONDITIONS = "DEBUG $(inherited)";
				SWIFT_OPTIMIZATION_LEVEL = "-Onone";
			};
			name = Debug;
		};
		CBE02E91303E1D0100926383 /* Release */ = {
			isa = XCBuildConfiguration;
			buildSettings = {
				ALWAYS_SEARCH_USER_PATHS = NO;
				ASSETCATALOG_COMPILER_GENERATE_SWIFT_ASSET_SYMBOL_EXTENSIONS = YES;
				CLANG_ANALYZER_NONNULL = YES;
				CLANG_ANALYZER_NUMBER_OBJECT_CONVERSION = YES_AGGRESSIVE;
				CLANG_CXX_LANGUAGE_STANDARD = "gnu++20";
				CLANG_ENABLE_MODULES = YES;
				CLANG_ENABLE_OBJC_ARC = YES;
				CLANG_ENABLE_OBJC_WEAK = YES;
				CLANG_WARN_BLOCK_CAPTURE_AUTORELEASING = YES;
				CLANG_WARN_BOOL_CONVERSION = YES;
				CLANG_WARN_COMMA = YES;
				CLANG_WARN_CONSTANT_CONVERSION = YES;
				CLANG_WARN_DEPRECATED_OBJC_IMPLEMENTATIONS = YES;
				CLANG_WARN_DIRECT_OBJC_ISA_USAGE = YES_ERROR;
				CLANG_WARN_DOCUMENTATION_COMMENTS = YES;
				CLANG_WARN_EMPTY_BODY = YES;
				CLANG_WARN_ENUM_CONVERSION = YES;
				CLANG_WARN_INFINITE_RECURSION = YES;
				CLANG_WARN_INT_CONVERSION = YES;
				CLANG_WARN_NON_LITERAL_NULL_CONVERSION = YES;
				CLANG_WARN_OBJC_IMPLICIT_RETAIN_SELF = YES;
				CLANG_WARN_OBJC_LITERAL_CONVERSION = YES;
				CLANG_WARN_OBJC_ROOT_CLASS = YES_ERROR;
				CLANG_WARN_QUOTED_INCLUDE_IN_FRAMEWORK_HEADER = YES;
				CLANG_WARN_RANGE_LOOP_ANALYSIS = YES;
				CLANG_WARN_STRICT_PROTOTYPES = YES;
				CLANG_WARN_SUSPICIOUS_MOVE = YES;
				CLANG_WARN_UNGUARDED_AVAILABILITY = YES_AGGRESSIVE;
				CLANG_WARN_UNREACHABLE_CODE = YES;
				CLANG_WARN__DUPLICATE_METHOD_MATCH = YES;
				COPY_PHASE_STRIP = NO;
				DEBUG_INFORMATION_FORMAT = "dwarf-with-dsym";
				DEVELOPMENT_TEAM = NWP7L2BJP5;
				ENABLE_NS_ASSERTIONS = NO;
				ENABLE_STRICT_OBJC_MSGSEND = YES;
				ENABLE_USER_SCRIPT_SANDBOXING = YES;
				GCC_C_LANGUAGE_STANDARD = gnu17;
				GCC_NO_COMMON_BLOCKS = YES;
				GCC_WARN_64_TO_32_BIT_CONVERSION = YES;
				GCC_WARN_ABOUT_RETURN_TYPE = YES_ERROR;
				GCC_WARN_UNDECLARED_SELECTOR = YES;
				GCC_WARN_UNINITIALIZED_AUTOS = YES_AGGRESSIVE;
				GCC_WARN_UNUSED_FUNCTION = YES;
				GCC_WARN_UNUSED_VARIABLE = YES;
				LOCALIZATION_PREFERS_STRING_CATALOGS = YES;
				MACOSX_DEPLOYMENT_TARGET = 26.5;
				MTL_ENABLE_DEBUG_INFO = NO;
				MTL_FAST_MATH = YES;
				SDKROOT = auto;
				SWIFT_COMPILATION_MODE = wholemodule;
			};
			name = Release;
		};
		CBE02E93303E1D0100926383 /* Debug */ = {
			isa = XCBuildConfiguration;
			buildSettings = {
				ASSETCATALOG_COMPILER_APPICON_NAME = AppIcon;
				ASSETCATALOG_COMPILER_GLOBAL_ACCENT_COLOR_NAME = AccentColor;
				"CODE_SIGN_ENTITLEMENTS[sdk=macosx*]" = SpotPriceWidget/SpotPriceWidget.entitlements;
				"CODE_SIGN_IDENTITY[sdk=macosx*]" = "-";
				CODE_SIGN_STYLE = Automatic;
				"CODE_SIGN_STYLE[sdk=macosx*]" = Manual;
				COMBINE_HIDPI_IMAGES = YES;
				CURRENT_PROJECT_VERSION = 126;
				DEVELOPMENT_TEAM = NWP7L2BJP5;
				"DEVELOPMENT_TEAM[sdk=macosx*]" = "";
				ENABLE_APP_SANDBOX = YES;
				ENABLE_HARDENED_RUNTIME = YES;
				ENABLE_PREVIEWS = YES;
				GENERATE_INFOPLIST_FILE = YES;
				INFOPLIST_KEY_CFBundleDisplayName = "Finland Electricity Rates";
				EXECUTABLE_NAME = SpotPriceWidget;
				INFOPLIST_KEY_ITSAppUsesNonExemptEncryption = NO;
				INFOPLIST_KEY_LSApplicationCategoryType = "public.app-category.utilities";
				INFOPLIST_KEY_NSHumanReadableCopyright = "Copyright © 2026 SpotPriceWidget contributors.";
				INFOPLIST_KEY_UILaunchScreen_Generation = YES;
				INFOPLIST_KEY_UISupportedInterfaceOrientations_iPad = "UIInterfaceOrientationPortrait UIInterfaceOrientationPortraitUpsideDown UIInterfaceOrientationLandscapeLeft UIInterfaceOrientationLandscapeRight";
				INFOPLIST_KEY_UISupportedInterfaceOrientations_iPhone = "UIInterfaceOrientationPortrait UIInterfaceOrientationLandscapeLeft UIInterfaceOrientationLandscapeRight";
				IPHONEOS_DEPLOYMENT_TARGET = 18.0;
				LD_RUNPATH_SEARCH_PATHS = (
					"$(inherited)",
					"@executable_path/../Frameworks",
				);
				MARKETING_VERSION = 1.2.6;
				PRODUCT_BUNDLE_IDENTIFIER = personal.SpotPriceWidget;
				PRODUCT_NAME = "Finland Electricity Rates";
				STRING_CATALOG_GENERATE_SYMBOLS = YES;
				SUPPORTED_PLATFORMS = "iphoneos iphonesimulator macosx";
				SUPPORTS_MACCATALYST = NO;
				SWIFT_APPROACHABLE_CONCURRENCY = YES;
				SWIFT_DEFAULT_ACTOR_ISOLATION = MainActor;
				SWIFT_EMIT_LOC_STRINGS = YES;
				SWIFT_UPCOMING_FEATURE_MEMBER_IMPORT_VISIBILITY = YES;
				SWIFT_VERSION = 5.0;
				TARGETED_DEVICE_FAMILY = "1,2";
			};
			name = Debug;
		};
		CBE02E94303E1D0100926383 /* Release */ = {
			isa = XCBuildConfiguration;
			buildSettings = {
				ASSETCATALOG_COMPILER_APPICON_NAME = AppIcon;
				ASSETCATALOG_COMPILER_GLOBAL_ACCENT_COLOR_NAME = AccentColor;
				"CODE_SIGN_ENTITLEMENTS[sdk=macosx*]" = SpotPriceWidget/SpotPriceWidget.entitlements;
				CODE_SIGN_STYLE = Automatic;
				COMBINE_HIDPI_IMAGES = YES;
				CURRENT_PROJECT_VERSION = 126;
				DEVELOPMENT_TEAM = NWP7L2BJP5;
				ENABLE_APP_SANDBOX = YES;
				ENABLE_HARDENED_RUNTIME = YES;
				ENABLE_PREVIEWS = YES;
				GENERATE_INFOPLIST_FILE = YES;
				INFOPLIST_KEY_CFBundleDisplayName = "Finland Electricity Rates";
				EXECUTABLE_NAME = SpotPriceWidget;
				INFOPLIST_KEY_ITSAppUsesNonExemptEncryption = NO;
				INFOPLIST_KEY_LSApplicationCategoryType = "public.app-category.utilities";
				INFOPLIST_KEY_NSHumanReadableCopyright = "Copyright © 2026 SpotPriceWidget contributors.";
				INFOPLIST_KEY_UILaunchScreen_Generation = YES;
				INFOPLIST_KEY_UISupportedInterfaceOrientations_iPad = "UIInterfaceOrientationPortrait UIInterfaceOrientationPortraitUpsideDown UIInterfaceOrientationLandscapeLeft UIInterfaceOrientationLandscapeRight";
				INFOPLIST_KEY_UISupportedInterfaceOrientations_iPhone = "UIInterfaceOrientationPortrait UIInterfaceOrientationLandscapeLeft UIInterfaceOrientationLandscapeRight";
				IPHONEOS_DEPLOYMENT_TARGET = 18.0;
				LD_RUNPATH_SEARCH_PATHS = (
					"$(inherited)",
					"@executable_path/../Frameworks",
				);
				MARKETING_VERSION = 1.2.6;
				PRODUCT_BUNDLE_IDENTIFIER = personal.SpotPriceWidget;
				PRODUCT_NAME = "Finland Electricity Rates";
				STRING_CATALOG_GENERATE_SYMBOLS = YES;
				SUPPORTED_PLATFORMS = "iphoneos iphonesimulator macosx";
				SUPPORTS_MACCATALYST = NO;
				SWIFT_APPROACHABLE_CONCURRENCY = YES;
				SWIFT_DEFAULT_ACTOR_ISOLATION = MainActor;
				SWIFT_EMIT_LOC_STRINGS = YES;
				SWIFT_UPCOMING_FEATURE_MEMBER_IMPORT_VISIBILITY = YES;
				SWIFT_VERSION = 5.0;
				TARGETED_DEVICE_FAMILY = "1,2";
			};
			name = Release;
		};
		CBE02EB0303E1D5100926383 /* Debug */ = {
			isa = XCBuildConfiguration;
			buildSettings = {
				ASSETCATALOG_COMPILER_GLOBAL_ACCENT_COLOR_NAME = AccentColor;
				ASSETCATALOG_COMPILER_WIDGET_BACKGROUND_COLOR_NAME = WidgetBackground;
				"CODE_SIGN_ENTITLEMENTS[sdk=macosx*]" = SpotPriceWidgetFinland/SpotPriceWidgetFinland.entitlements;
				"CODE_SIGN_IDENTITY[sdk=macosx*]" = "-";
				CODE_SIGN_STYLE = Automatic;
				"CODE_SIGN_STYLE[sdk=macosx*]" = Manual;
				CURRENT_PROJECT_VERSION = 126;
				DEVELOPMENT_TEAM = NWP7L2BJP5;
				"DEVELOPMENT_TEAM[sdk=macosx*]" = "";
				ENABLE_APP_SANDBOX = YES;
				ENABLE_HARDENED_RUNTIME = YES;
				GENERATE_INFOPLIST_FILE = YES;
				GRID_EMISSIONS_RELAY_URL = "https://finland-grid-emissions-relay.phat-le.workers.dev/v1/finland/emissions/current";
				INFOPLIST_FILE = SpotPriceWidgetFinland/Info.plist;
				INFOPLIST_KEY_CFBundleDisplayName = "Finland Electricity Rates";
				INFOPLIST_KEY_ITSAppUsesNonExemptEncryption = NO;
				INFOPLIST_KEY_NSHumanReadableCopyright = "Copyright © 2026 SpotPriceWidget contributors.";
				IPHONEOS_DEPLOYMENT_TARGET = 18.0;
				LD_RUNPATH_SEARCH_PATHS = (
					"$(inherited)",
					"@executable_path/../Frameworks",
					"@executable_path/../../../../Frameworks",
				);
				MACOSX_DEPLOYMENT_TARGET = 26.5;
				MARKETING_VERSION = 1.2.6;
				PRODUCT_BUNDLE_IDENTIFIER = personal.SpotPriceWidget.SpotPriceWidgetFinland;
				PRODUCT_NAME = "$(TARGET_NAME)";
				SKIP_INSTALL = YES;
				STRING_CATALOG_GENERATE_SYMBOLS = YES;
				SUPPORTED_PLATFORMS = "iphoneos iphonesimulator macosx";
				SUPPORTS_MACCATALYST = NO;
				SWIFT_APPROACHABLE_CONCURRENCY = YES;
				SWIFT_EMIT_LOC_STRINGS = YES;
				SWIFT_UPCOMING_FEATURE_MEMBER_IMPORT_VISIBILITY = YES;
				SWIFT_VERSION = 5.0;
				TARGETED_DEVICE_FAMILY = "1,2";
			};
			name = Debug;
		};
		CBE02EB1303E1D5100926383 /* Release */ = {
			isa = XCBuildConfiguration;
			buildSettings = {
				ASSETCATALOG_COMPILER_GLOBAL_ACCENT_COLOR_NAME = AccentColor;
				ASSETCATALOG_COMPILER_WIDGET_BACKGROUND_COLOR_NAME = WidgetBackground;
				"CODE_SIGN_ENTITLEMENTS[sdk=macosx*]" = SpotPriceWidgetFinland/SpotPriceWidgetFinland.entitlements;
				CODE_SIGN_STYLE = Automatic;
				CURRENT_PROJECT_VERSION = 126;
				DEVELOPMENT_TEAM = NWP7L2BJP5;
				ENABLE_APP_SANDBOX = YES;
				ENABLE_HARDENED_RUNTIME = YES;
				GENERATE_INFOPLIST_FILE = YES;
				GRID_EMISSIONS_RELAY_URL = "https://finland-grid-emissions-relay.phat-le.workers.dev/v1/finland/emissions/current";
				INFOPLIST_FILE = SpotPriceWidgetFinland/Info.plist;
				INFOPLIST_KEY_CFBundleDisplayName = "Finland Electricity Rates";
				INFOPLIST_KEY_ITSAppUsesNonExemptEncryption = NO;
				INFOPLIST_KEY_NSHumanReadableCopyright = "Copyright © 2026 SpotPriceWidget contributors.";
				IPHONEOS_DEPLOYMENT_TARGET = 18.0;
				LD_RUNPATH_SEARCH_PATHS = (
					"$(inherited)",
					"@executable_path/../Frameworks",
					"@executable_path/../../../../Frameworks",
				);
				MACOSX_DEPLOYMENT_TARGET = 26.5;
				MARKETING_VERSION = 1.2.6;
				PRODUCT_BUNDLE_IDENTIFIER = personal.SpotPriceWidget.SpotPriceWidgetFinland;
				PRODUCT_NAME = "$(TARGET_NAME)";
				SKIP_INSTALL = YES;
				STRING_CATALOG_GENERATE_SYMBOLS = YES;
				SUPPORTED_PLATFORMS = "iphoneos iphonesimulator macosx";
				SUPPORTS_MACCATALYST = NO;
				SWIFT_APPROACHABLE_CONCURRENCY = YES;
				SWIFT_EMIT_LOC_STRINGS = YES;
				SWIFT_UPCOMING_FEATURE_MEMBER_IMPORT_VISIBILITY = YES;
				SWIFT_VERSION = 5.0;
				TARGETED_DEVICE_FAMILY = "1,2";
			};
			name = Release;
		};
		CBE02EDC303E400000926383 /* Debug */ = {
			isa = XCBuildConfiguration;
			buildSettings = {
				"CODE_SIGN_IDENTITY[sdk=macosx*]" = "-";
				CODE_SIGN_STYLE = Manual;
				CURRENT_PROJECT_VERSION = 126;
				DEVELOPMENT_TEAM = "";
				ENABLE_APP_SANDBOX = NO;
				ENABLE_HARDENED_RUNTIME = YES;
				GENERATE_INFOPLIST_FILE = NO;
				INFOPLIST_FILE = SpotPriceWidgetUninstaller/Info.plist;
				LD_RUNPATH_SEARCH_PATHS = (
					"$(inherited)",
					"@executable_path/../Frameworks",
					"@loader_path/../Frameworks",
				);
				MACOSX_DEPLOYMENT_TARGET = 26.5;
				MARKETING_VERSION = 1.2.6;
				PRODUCT_BUNDLE_IDENTIFIER = personal.SpotPriceWidget.Uninstaller;
				PRODUCT_NAME = "$(TARGET_NAME)";
				SDKROOT = macosx;
				SKIP_INSTALL = YES;
				SUPPORTED_PLATFORMS = macosx;
				SWIFT_VERSION = 5.0;
			};
			name = Debug;
		};
		CBE02EDD303E400000926383 /* Release */ = {
			isa = XCBuildConfiguration;
			buildSettings = {
				CODE_SIGN_STYLE = Automatic;
				CURRENT_PROJECT_VERSION = 126;
				DEVELOPMENT_TEAM = NWP7L2BJP5;
				ENABLE_APP_SANDBOX = NO;
				ENABLE_HARDENED_RUNTIME = YES;
				GENERATE_INFOPLIST_FILE = NO;
				INFOPLIST_FILE = SpotPriceWidgetUninstaller/Info.plist;
				LD_RUNPATH_SEARCH_PATHS = (
					"$(inherited)",
					"@executable_path/../Frameworks",
					"@loader_path/../Frameworks",
				);
				MACOSX_DEPLOYMENT_TARGET = 26.5;
				MARKETING_VERSION = 1.2.6;
				PRODUCT_BUNDLE_IDENTIFIER = personal.SpotPriceWidget.Uninstaller;
				PRODUCT_NAME = "$(TARGET_NAME)";
				SDKROOT = macosx;
				SKIP_INSTALL = YES;
				SUPPORTED_PLATFORMS = macosx;
				SWIFT_VERSION = 5.0;
			};
			name = Release;
		};
/* End XCBuildConfiguration section */

/* Begin XCConfigurationList section */
		CBE02E82303E1CFF00926383 /* Build configuration list for PBXProject "SpotPriceWidget" */ = {
			isa = XCConfigurationList;
			buildConfigurations = (
				CBE02E90303E1D0100926383 /* Debug */,
				CBE02E91303E1D0100926383 /* Release */,
			);
			defaultConfigurationIsVisible = 0;
			defaultConfigurationName = Release;
		};
		CBE02E92303E1D0100926383 /* Build configuration list for PBXNativeTarget "SpotPriceWidget" */ = {
			isa = XCConfigurationList;
			buildConfigurations = (
				CBE02E93303E1D0100926383 /* Debug */,
				CBE02E94303E1D0100926383 /* Release */,
			);
			defaultConfigurationIsVisible = 0;
			defaultConfigurationName = Release;
		};
		CBE02EAF303E1D5100926383 /* Build configuration list for PBXNativeTarget "SpotPriceWidgetFinlandExtension" */ = {
			isa = XCConfigurationList;
			buildConfigurations = (
				CBE02EB0303E1D5100926383 /* Debug */,
				CBE02EB1303E1D5100926383 /* Release */,
			);
			defaultConfigurationIsVisible = 0;
			defaultConfigurationName = Release;
		};
		CBE02EDE303E400000926383 /* Build configuration list for PBXNativeTarget "SpotPriceWidgetUninstaller" */ = {
			isa = XCConfigurationList;
			buildConfigurations = (
				CBE02EDC303E400000926383 /* Debug */,
				CBE02EDD303E400000926383 /* Release */,
			);
			defaultConfigurationIsVisible = 0;
			defaultConfigurationName = Release;
		};
/* End XCConfigurationList section */
	};
	rootObject = CBE02E7F303E1CFF00926383 /* Project object */;
}
